
Microsoft Visual Studio Solution File, Format Version 12.00
# Visual Studio Version 17
VisualStudioVersion = 17.3.32929.385
MinimumVisualStudioVersion = 10.0.40219.1
Project("{FAE04EC0-301F-11D3-BF4B-00C04F79EFBC}") = "VendingMachine", "VendingMachine\VendingMachine.csproj", "{C377E94B-27B4-4604-B153-A14396E992B3}"
EndProject
Global
	GlobalSection(SolutionConfigurationPlatforms) = preSolution
		Debug|Any CPU = Debug|Any CPU
		Release|Any CPU = Release|Any CPU
	EndGlobalSection
	GlobalSection(ProjectConfigurationPlatforms) = postSolution
		{C377E94B-27B4-4604-B153-A14396E992B3}.Debug|Any CPU.ActiveCfg = Debug|Any CPU
		{C377E94B-27B4-4604-B153-A14396E992B3}.Debug|Any CPU.Build.0 = Debug|Any CPU
		{C377E94B-27B4-4604-B153-A14396E992B3}.Release|Any CPU.ActiveCfg = Release|Any CPU
		{C377E94B-27B4-4604-B153-A14396E992B3}.Release|Any CPU.Build.0 = Release|Any CPU
	EndGlobalSection
	GlobalSection(SolutionProperties) = preSolution
		HideSolutionNode = FALSE
	EndGlobalSection
	GlobalSection(ExtensibilityGlobals) = postSolution
		SolutionGuid = {8C319CCD-B75C-4D29-9080-B677D61FA6E7}
	EndGlobalSection
EndGlobal
